// !$*UTF8*$!
{
	archiveVersion = 1;
	classes = {
	};
	objectVersion = 56;
	objects = {

/* Begin PBXBuildFile section */
		0019083229C1AE9E00D1888F /* ResultViewController.swift in Sources */ = {isa = PBXBuildFile; fileRef = 0019083129C1AE9E00D1888F /* ResultViewController.swift */; };
		0019083629C1B27B00D1888F /* CipherBrain.swift in Sources */ = {isa = PBXBuildFile; fileRef = 0019083529C1B27B00D1888F /* CipherBrain.swift */; };
		009BC84B29674556001BBAC3 /* AppDelegate.swift in Sources */ = {isa = PBXBuildFile; fileRef = 009BC84A29674556001BBAC3 /* AppDelegate.swift */; };
		009BC84D29674556001BBAC3 /* SceneDelegate.swift in Sources */ = {isa = PBXBuildFile; fileRef = 009BC84C29674556001BBAC3 /* SceneDelegate.swift */; };
		009BC84F29674556001BBAC3 /* CipherViewController.swift in Sources */ = {isa = PBXBuildFile; fileRef = 009BC84E29674556001BBAC3 /* CipherViewController.swift */; };
		009BC85229674556001BBAC3 /* Main.storyboard in Resources */ = {isa = PBXBuildFile; fileRef = 009BC85029674556001BBAC3 /* Main.storyboard */; };
		009BC85429674557001BBAC3 /* Assets.xcassets in Resources */ = {isa = PBXBuildFile; fileRef = 009BC85329674557001BBAC3 /* Assets.xcassets */; };
		009BC85729674557001BBAC3 /* LaunchScreen.storyboard in Resources */ = {isa = PBXBuildFile; fileRef = 009BC85529674557001BBAC3 /* LaunchScreen.storyboard */; };
/* End PBXBuildFile section */

/* Begin PBXFileReference section */
		0019083129C1AE9E00D1888F /* ResultViewController.swift */ = {isa = PBXFileReference; lastKnownFileType = sourcecode.swift; path = ResultViewController.swift; sourceTree = "<group>"; };
		0019083529C1B27B00D1888F /* CipherBrain.swift */ = {isa = PBXFileReference; lastKnownFileType = sourcecode.swift; path = CipherBrain.swift; sourceTree = "<group>"; };
		009BC84729674556001BBAC3 /* iCipher.app */ = {isa = PBXFileReference; explicitFileType = wrapper.application; includeInIndex = 0; path = iCipher.app; sourceTree = BUILT_PRODUCTS_DIR; };
		009BC84A29674556001BBAC3 /* AppDelegate.swift */ = {isa = PBXFileReference; lastKnownFileType = sourcecode.swift; path = AppDelegate.swift; sourceTree = "<group>"; };
		009BC84C29674556001BBAC3 /* SceneDelegate.swift */ = {isa = PBXFileReference; lastKnownFileType = sourcecode.swift; path = SceneDelegate.swift; sourceTree = "<group>"; };
		009BC84E29674556001BBAC3 /* CipherViewController.swift */ = {isa = PBXFileReference; lastKnownFileType = sourcecode.swift; path = CipherViewController.swift; sourceTree = "<group>"; };
		009BC85129674556001BBAC3 /* Base */ = {isa = PBXFileReference; lastKnownFileType = file.storyboard; name = Base; path = Base.lproj/Main.storyboard; sourceTree = "<group>"; };
		009BC85329674557001BBAC3 /* Assets.xcassets */ = {isa = PBXFileReference; lastKnownFileType = folder.assetcatalog; path = Assets.xcassets; sourceTree = "<group>"; };
		009BC85629674557001BBAC3 /* Base */ = {isa = PBXFileReference; lastKnownFileType = file.storyboard; name = Base; path = Base.lproj/LaunchScreen.storyboard; sourceTree = "<group>"; };
		009BC85829674557001BBAC3 /* Info.plist */ = {isa = PBXFileReference; lastKnownFileType = text.plist.xml; path = Info.plist; sourceTree = "<group>"; };
/* End PBXFileReference section */

/* Begin PBXFrameworksBuildPhase section */
		009BC84429674556001BBAC3 /* Frameworks */ = {
			isa = PBXFrameworksBuildPhase;
			buildActionMask = 2147483647;
			files = (
			);
			runOnlyForDeploymentPostprocessing = 0;
		};
/* End PBXFrameworksBuildPhase section */

/* Begin PBXGroup section */
		009BC83E29674556001BBAC3 = {
			isa = PBXGroup;
			children = (
				009BC84929674556001BBAC3 /* iCipher */,
				009BC84829674556001BBAC3 /* Products */,
			);
			sourceTree = "<group>";
		};
		009BC84829674556001BBAC3 /* Products */ = {
			isa = PBXGroup;
			children = (
				009BC84729674556001BBAC3 /* iCipher.app */,
			);
			name = Products;
			sourceTree = "<group>";
		};
		009BC84929674556001BBAC3 /* iCipher */ = {
			isa = PBXGroup;
			children = (
				009BC85E29674835001BBAC3 /* Model */,
				009BC85F29674840001BBAC3 /* View */,
				009BC86029674845001BBAC3 /* Controllers */,
				009BC84A29674556001BBAC3 /* AppDelegate.swift */,
				009BC84C29674556001BBAC3 /* SceneDelegate.swift */,
				009BC85329674557001BBAC3 /* Assets.xcassets */,
				009BC85829674557001BBAC3 /* Info.plist */,
			);
			path = iCipher;
			sourceTree = "<group>";
		};
		009BC85E29674835001BBAC3 /* Model */ = {
			isa = PBXGroup;
			children = (
				0019083529C1B27B00D1888F /* CipherBrain.swift */,
			);
			path = Model;
			sourceTree = "<group>";
		};
		009BC85F29674840001BBAC3 /* View */ = {
			isa = PBXGroup;
			children = (
				009BC85529674557001BBAC3 /* LaunchScreen.storyboard */,
				009BC85029674556001BBAC3 /* Main.storyboard */,
			);
			path = View;
			sourceTree = "<group>";
		};
		009BC86029674845001BBAC3 /* Controllers */ = {
			isa = PBXGroup;
			children = (
				0019083129C1AE9E00D1888F /* ResultViewController.swift */,
				009BC84E29674556001BBAC3 /* CipherViewController.swift */,
			);
			path = Controllers;
			sourceTree = "<group>";
		};
/* End PBXGroup section */

/* Begin PBXNativeTarget section */
		009BC84629674556001BBAC3 /* iCipher */ = {
			isa = PBXNativeTarget;
			buildConfigurationList = 009BC85B29674557001BBAC3 /* Build configuration list for PBXNativeTarget "iCipher" */;
			buildPhases = (
				009BC84329674556001BBAC3 /* Sources */,
				009BC84429674556001BBAC3 /* Frameworks */,
				009BC84529674556001BBAC3 /* Resources */,
			);
			buildRules = (
			);
			dependencies = (
			);
			name = iCipher;
			productName = iCipher;
			productReference = 009BC84729674556001BBAC3 /* iCipher.app */;
			productType = "com.apple.product-type.application";
		};
/* End PBXNativeTarget section */

/* Begin PBXProject section */
		009BC83F29674556001BBAC3 /* Project object */ = {
			isa = PBXProject;
			attributes = {
				BuildIndependentTargetsInParallel = 1;
				LastSwiftUpdateCheck = 1420;
				LastUpgradeCheck = 1420;
				TargetAttributes = {
					009BC84629674556001BBAC3 = {
						CreatedOnToolsVersion = 14.2;
					};
				};
			};
			buildConfigurationList = 009BC84229674556001BBAC3 /* Build configuration list for PBXProject "iCipher" */;
			compatibilityVersion = "Xcode 14.0";
			developmentRegion = en;
			hasScannedForEncodings = 0;
			knownRegions = (
				en,
				Base,
			);
			mainGroup = 009BC83E29674556001BBAC3;
			productRefGroup = 009BC84829674556001BBAC3 /* Products */;
			projectDirPath = "";
			projectRoot = "";
			targets = (
				009BC84629674556001BBAC3 /* iCipher */,
			);
		};
/* End PBXProject section */

/* Begin PBXResourcesBuildPhase section */
		009BC84529674556001BBAC3 /* Resources */ = {
			isa = PBXResourcesBuildPhase;
			buildActionMask = 2147483647;
			files = (
				009BC85729674557001BBAC3 /* LaunchScreen.storyboard in Resources */,
				009BC85429674557001BBAC3 /* Assets.xcassets in Resources */,
				009BC85229674556001BBAC3 /* Main.storyboard in Resources */,
			);
			runOnlyForDeploymentPostprocessing = 0;
		};
/* End PBXResourcesBuildPhase section */

/* Begin PBXSourcesBuildPhase section */
		009BC84329674556001BBAC3 /* Sources */ = {
			isa = PBXSourcesBuildPhase;
			buildActionMask = 2147483647;
			files = (
				009BC84F29674556001BBAC3 /* CipherViewController.swift in Sources */,
				009BC84B29674556001BBAC3 /* AppDelegate.swift in Sources */,
				0019083629C1B27B00D1888F /* CipherBrain.swift in Sources */,
				009BC84D29674556001BBAC3 /* SceneDelegate.swift in Sources */,
				0019083229C1AE9E00D1888F /* ResultViewController.swift in Sources */,
			);
			runOnlyForDeploymentPostprocessing = 0;
		};
/* End PBXSourcesBuildPhase section */

/* Begin PBXVariantGroup section */
		009BC85029674556001BBAC3 /* Main.storyboard */ = {
			isa = PBXVariantGroup;
			children = (
				009BC85129674556001BBAC3 /* Base */,
			);
			name = Main.storyboard;
			sourceTree = "<group>";
		};
		009BC85529674557001BBAC3 /* LaunchScreen.storyboard */ = {
			isa = PBXVariantGroup;
			children = (
				009BC85629674557001BBAC3 /* Base */,
			);
			name = LaunchScreen.storyboard;
			sourceTree = "<group>";
		};
/* End PBXVariantGroup section */

/* Begin XCBuildConfiguration section */
		009BC85929674557001BBAC3 /* Debug */ = {
			isa = XCBuildConfiguration;
			buildSettings = {
				ALWAYS_SEARCH_USER_PATHS = NO;
				CLANG_ANALYZER_NONNULL = YES;
				CLANG_ANALYZER_NUMBER_OBJECT_CONVERSION = YES_AGGRESSIVE;
				CLANG_CXX_LANGUAGE_STANDARD = "gnu++20";
				CLANG_ENABLE_MODULES = YES;
				CLANG_ENABLE_OBJC_ARC = YES;
				CLANG_ENABLE_OBJC_WEAK = YES;
				CLANG_WARN_BLOCK_CAPTURE_AUTORELEASING = YES;
				CLANG_WARN_BOOL_CONVERSION = YES;
				CLANG_WARN_COMMA = YES;
				CLANG_WARN_CONSTANT_CONVERSION = YES;
				CLANG_WARN_DEPRECATED_OBJC_IMPLEMENTATIONS = YES;
				CLANG_WARN_DIRECT_OBJC_ISA_USAGE = YES_ERROR;
				CLANG_WARN_DOCUMENTATION_COMMENTS = YES;
				CLANG_WARN_EMPTY_BODY = YES;
				CLANG_WARN_ENUM_CONVERSION = YES;
				CLANG_WARN_INFINITE_RECURSION = YES;
				CLANG_WARN_INT_CONVERSION = YES;
				CLANG_WARN_NON_LITERAL_NULL_CONVERSION = YES;
				CLANG_WARN_OBJC_IMPLICIT_RETAIN_SELF = YES;
				CLANG_WARN_OBJC_LITERAL_CONVERSION = YES;
				CLANG_WARN_OBJC_ROOT_CLASS = YES_ERROR;
				CLANG_WARN_QUOTED_INCLUDE_IN_FRAMEWORK_HEADER = YES;
				CLANG_WARN_RANGE_LOOP_ANALYSIS = YES;
				CLANG_WARN_STRICT_PROTOTYPES = YES;
				CLANG_WARN_SUSPICIOUS_MOVE = YES;
				CLANG_WARN_UNGUARDED_AVAILABILITY = YES_AGGRESSIVE;
				CLANG_WARN_UNREACHABLE_CODE = YES;
				CLANG_WARN__DUPLICATE_METHOD_MATCH = YES;
				COPY_PHASE_STRIP = NO;
				DEBUG_INFORMATION_FORMAT = dwarf;
				ENABLE_STRICT_OBJC_MSGSEND = YES;
				ENABLE_TESTABILITY = YES;
				GCC_C_LANGUAGE_STANDARD = gnu11;
				GCC_DYNAMIC_NO_PIC = NO;
				GCC_NO_COMMON_BLOCKS = YES;
				GCC_OPTIMIZATION_LEVEL = 0;
				GCC_PREPROCESSOR_DEFINITIONS = (
					"DEBUG=1",
					"$(inherited)",
				);
				GCC_WARN_64_TO_32_BIT_CONVERSION = YES;
				GCC_WARN_ABOUT_RETURN_TYPE = YES_ERROR;
				GCC_WARN_UNDECLARED_SELECTOR = YES;
				GCC_WARN_UNINITIALIZED_AUTOS = YES_AGGRESSIVE;
				GCC_WARN_UNUSED_FUNCTION = YES;
				GCC_WARN_UNUSED_VARIABLE = YES;
				IPHONEOS_DEPLOYMENT_TARGET = 16.2;
				MTL_ENABLE_DEBUG_INFO = INCLUDE_SOURCE;
				MTL_FAST_MATH = YES;
				ONLY_ACTIVE_ARCH = YES;
				SDKROOT = iphoneos;
				SWIFT_ACTIVE_COMPILATION_CONDITIONS = DEBUG;
				SWIFT_OPTIMIZATION_LEVEL = "-Onone";
			};
			name = Debug;
		};
		009BC85A29674557001BBAC3 /* Release */ = {
			isa = XCBuildConfiguration;
			buildSettings = {
				ALWAYS_SEARCH_USER_PATHS = NO;
				CLANG_ANALYZER_NONNULL = YES;
				CLANG_ANALYZER_NUMBER_OBJECT_CONVERSION = YES_AGGRESSIVE;
				CLANG_CXX_LANGUAGE_STANDARD = "gnu++20";
				CLANG_ENABLE_MODULES = YES;
				CLANG_ENABLE_OBJC_ARC = YES;
				CLANG_ENABLE_OBJC_WEAK = YES;
				CLANG_WARN_BLOCK_CAPTURE_AUTORELEASING = YES;
				CLANG_WARN_BOOL_CONVERSION = YES;
				CLANG_WARN_COMMA = YES;
				CLANG_WARN_CONSTANT_CONVERSION = YES;
				CLANG_WARN_DEPRECATED_OBJC_IMPLEMENTATIONS = YES;
				CLANG_WARN_DIRECT_OBJC_ISA_USAGE = YES_ERROR;
				CLANG_WARN_DOCUMENTATION_COMMENTS = YES;
				CLANG_WARN_EMPTY_BODY = YES;
				CLANG_WARN_ENUM_CONVERSION = YES;
				CLANG_WARN_INFINITE_RECURSION = YES;
				CLANG_WARN_INT_CONVERSION = YES;
				CLANG_WARN_NON_LITERAL_NULL_CONVERSION = YES;
				CLANG_WARN_OBJC_IMPLICIT_RETAIN_SELF = YES;
				CLANG_WARN_OBJC_LITERAL_CONVERSION = YES;
				CLANG_WARN_OBJC_ROOT_CLASS = YES_ERROR;
				CLANG_WARN_QUOTED_INCLUDE_IN_FRAMEWORK_HEADER = YES;
				CLANG_WARN_RANGE_LOOP_ANALYSIS = YES;
				CLANG_WARN_STRICT_PROTOTYPES = YES;
				CLANG_WARN_SUSPICIOUS_MOVE = YES;
				CLANG_WARN_UNGUARDED_AVAILABILITY = YES_AGGRESSIVE;
				CLANG_WARN_UNREACHABLE_CODE = YES;
				CLANG_WARN__DUPLICATE_METHOD_MATCH = YES;
				COPY_PHASE_STRIP = NO;
				DEBUG_INFORMATION_FORMAT = "dwarf-with-dsym";
				ENABLE_NS_ASSERTIONS = NO;
				ENABLE_STRICT_OBJC_MSGSEND = YES;
				GCC_C_LANGUAGE_STANDARD = gnu11;
				GCC_NO_COMMON_BLOCKS = YES;
				GCC_WARN_64_TO_32_BIT_CONVERSION = YES;
				GCC_WARN_ABOUT_RETURN_TYPE = YES_ERROR;
				GCC_WARN_UNDECLARED_SELECTOR = YES;
				GCC_WARN_UNINITIALIZED_AUTOS = YES_AGGRESSIVE;
				GCC_WARN_UNUSED_FUNCTION = YES;
				GCC_WARN_UNUSED_VARIABLE = YES;
				IPHONEOS_DEPLOYMENT_TARGET = 16.2;
				MTL_ENABLE_DEBUG_INFO = NO;
				MTL_FAST_MATH = YES;
				SDKROOT = iphoneos;
				SWIFT_COMPILATION_MODE = wholemodule;
				SWIFT_OPTIMIZATION_LEVEL = "-O";
				VALIDATE_PRODUCT = YES;
			};
			name = Release;
		};
		009BC85C29674557001BBAC3 /* Debug */ = {
			isa = XCBuildConfiguration;
			buildSettings = {
				ASSETCATALOG_COMPILER_APPICON_NAME = AppIcon;
				ASSETCATALOG_COMPILER_GLOBAL_ACCENT_COLOR_NAME = AccentColor;
				CODE_SIGN_STYLE = Automatic;
				CURRENT_PROJECT_VERSION = 1;
				DEVELOPMENT_TEAM = JTC82K5425;
				GENERATE_INFOPLIST_FILE = YES;
				INFOPLIST_FILE = iCipher/Info.plist;
				INFOPLIST_KEY_UIApplicationSupportsIndirectInputEvents = YES;
				INFOPLIST_KEY_UILaunchStoryboardName = LaunchScreen;
				INFOPLIST_KEY_UIMainStoryboardFile = Main;
				INFOPLIST_KEY_UISupportedInterfaceOrientations = UIInterfaceOrientationPortrait;
				LD_RUNPATH_SEARCH_PATHS = (
					"$(inherited)",
					"@executable_path/Frameworks",
				);
				MARKETING_VERSION = 1.0;
				PRODUCT_BUNDLE_IDENTIFIER = com.mahin.iCipher;
				PRODUCT_NAME = "$(TARGET_NAME)";
				SWIFT_EMIT_LOC_STRINGS = YES;
				SWIFT_VERSION = 5.0;
				TARGETED_DEVICE_FAMILY = "1,2";
			};
			name = Debug;
		};
		009BC85D29674557001BBAC3 /* Release */ = {
			isa = XCBuildConfiguration;
			buildSettings = {
				ASSETCATALOG_COMPILER_APPICON_NAME = AppIcon;
				ASSETCATALOG_COMPILER_GLOBAL_ACCENT_COLOR_NAME = AccentColor;
				CODE_SIGN_STYLE = Automatic;
				CURRENT_PROJECT_VERSION = 1;
				DEVELOPMENT_TEAM = JTC82K5425;
				GENERATE_INFOPLIST_FILE = YES;
				INFOPLIST_FILE = iCipher/Info.plist;
				INFOPLIST_KEY_UIApplicationSupportsIndirectInputEvents = YES;
				INFOPLIST_KEY_UILaunchStoryboardName = LaunchScreen;
				INFOPLIST_KEY_UIMainStoryboardFile = Main;
				INFOPLIST_KEY_UISupportedInterfaceOrientations = UIInterfaceOrientationPortrait;
				LD_RUNPATH_SEARCH_PATHS = (
					"$(inherited)",
					"@executable_path/Frameworks",
				);
				MARKETING_VERSION = 1.0;
				PRODUCT_BUNDLE_IDENTIFIER = com.mahin.iCipher;
				PRODUCT_NAME = "$(TARGET_NAME)";
				SWIFT_EMIT_LOC_STRINGS = YES;
				SWIFT_VERSION = 5.0;
				TARGETED_DEVICE_FAMILY = "1,2";
			};
			name = Release;
		};
/* End XCBuildConfiguration section */

/* Begin XCConfigurationList section */
		009BC84229674556001BBAC3 /* Build configuration list for PBXProject "iCipher" */ = {
			isa = XCConfigurationList;
			buildConfigurations = (
				009BC85929674557001BBAC3 /* Debug */,
				009BC85A29674557001BBAC3 /* Release */,
			);
			defaultConfigurationIsVisible = 0;
			defaultConfigurationName = Release;
		};
		009BC85B29674557001BBAC3 /* Build configuration list for PBXNativeTarget "iCipher" */ = {
			isa = XCConfigurationList;
			buildConfigurations = (
				009BC85C29674557001BBAC3 /* Debug */,
				009BC85D29674557001BBAC3 /* Release */,
			);
			defaultConfigurationIsVisible = 0;
			defaultConfigurationName = Release;
		};
/* End XCConfigurationList section */
	};
	rootObject = 009BC83F29674556001BBAC3 /* Project object */;
}
